
Microsoft Visual Studio Solution File, Format Version 12.00
# Visual Studio 15
Project("{FAE04EC0-301F-11D3-BF4B-00C04F79EFBC}") = "ChocDino.UIFX.Editor", "ChocDino.UIFX.Editor.csproj", "{3431438E-3EBC-069F-7312-D1CF8119427B}"
EndProject
Project("{FAE04EC0-301F-11D3-BF4B-00C04F79EFBC}") = "Febucci.TextAnimator.Runtime", "Febucci.TextAnimator.Runtime.csproj", "{53A8A474-0DF3-162E-A453-11E99ED3C5C7}"
EndProject
Project("{FAE04EC0-301F-11D3-BF4B-00C04F79EFBC}") = "FR2", "FR2.csproj", "{F221CF61-FC40-9551-2671-34A38DDA1A1D}"
EndProject
Project("{FAE04EC0-301F-11D3-BF4B-00C04F79EFBC}") = "Febucci.TextAnimator.Editor", "Febucci.TextAnimator.Editor.csproj", "{D0517C4A-5C88-1D84-6AEF-AA1CECD0B965}"
EndProject
Project("{FAE04EC0-301F-11D3-BF4B-00C04F79EFBC}") = "ChocDino.UIFX", "ChocDino.UIFX.csproj", "{ACE7DB8C-5E09-4114-E9BE-9AB3F3402CF8}"
EndProject
Project("{FAE04EC0-301F-11D3-BF4B-00C04F79EFBC}") = "Febucci.Attributes.Editor", "Febucci.Attributes.Editor.csproj", "{24F683D7-3990-D064-AF58-BDA579852390}"
EndProject
Project("{FAE04EC0-301F-11D3-BF4B-00C04F79EFBC}") = "ChocDino.UIFX.Demos", "ChocDino.UIFX.Demos.csproj", "{EB0B17C6-65F4-A876-BCEC-0CA66E623605}"
EndProject
Project("{FAE04EC0-301F-11D3-BF4B-00C04F79EFBC}") = "ChocDino.UIFX.UITK.Editor", "ChocDino.UIFX.UITK.Editor.csproj", "{83DB11B9-38C1-FE9E-D400-FF0F8F9B3CCB}"
EndProject
Project("{FAE04EC0-301F-11D3-BF4B-00C04F79EFBC}") = "Assembly-CSharp-firstpass", "Assembly-CSharp-firstpass.csproj", "{6A2F10FE-0898-9C1C-9897-D62F3A6958CF}"
EndProject
Project("{FAE04EC0-301F-11D3-BF4B-00C04F79EFBC}") = "ChocDino.UIFX.TMP", "ChocDino.UIFX.TMP.csproj", "{07A591CD-D254-31E3-4056-0B9830722BB2}"
EndProject
Project("{FAE04EC0-301F-11D3-BF4B-00C04F79EFBC}") = "Assembly-CSharp-Editor", "Assembly-CSharp-Editor.csproj", "{E8A91009-7186-A382-4FE4-3C21BA335F00}"
EndProject
Project("{FAE04EC0-301F-11D3-BF4B-00C04F79EFBC}") = "Febucci.TextAnimator.TMP.Runtime", "Febucci.TextAnimator.TMP.Runtime.csproj", "{BF614F65-306F-9F09-76CC-7E4A7E45DCFD}"
EndProject
Project("{FAE04EC0-301F-11D3-BF4B-00C04F79EFBC}") = "Assembly-CSharp", "Assembly-CSharp.csproj", "{32C3BDE6-E125-3128-82C1-25D0441455A3}"
EndProject
Project("{FAE04EC0-301F-11D3-BF4B-00C04F79EFBC}") = "Assembly-CSharp-Editor-firstpass", "Assembly-CSharp-Editor-firstpass.csproj", "{7F3A969F-4A57-9C7B-8B24-5476C852868F}"
EndProject
Project("{FAE04EC0-301F-11D3-BF4B-00C04F79EFBC}") = "ChocDino.UIFX.TMP.Editor", "ChocDino.UIFX.TMP.Editor.csproj", "{1FE68AC1-20A6-7EB8-2D7F-431725C14E98}"
EndProject
Project("{FAE04EC0-301F-11D3-BF4B-00C04F79EFBC}") = "Febucci.TextAnimator.Demo.Runtime", "Febucci.TextAnimator.Demo.Runtime.csproj", "{6144E275-0E97-20C4-DE25-EF9FF7136946}"
EndProject
Project("{FAE04EC0-301F-11D3-BF4B-00C04F79EFBC}") = "Febucci.Attributes.Runtime", "Febucci.Attributes.Runtime.csproj", "{DD2E6188-F915-6D70-2730-38617395B115}"
EndProject
Project("{FAE04EC0-301F-11D3-BF4B-00C04F79EFBC}") = "ChocDino.UIFX.UITK", "ChocDino.UIFX.UITK.csproj", "{6F380670-3309-1E57-A6E0-9E862ADDB752}"
EndProject
Global
	GlobalSection(SolutionConfigurationPlatforms) = preSolution
		Debug|Any CPU = Debug|Any CPU
		Release|Any CPU = Release|Any CPU
	EndGlobalSection
	GlobalSection(ProjectConfigurationPlatforms) = postSolution
		{3431438E-3EBC-069F-7312-D1CF8119427B}.Debug|Any CPU.ActiveCfg = Debug|Any CPU
		{3431438E-3EBC-069F-7312-D1CF8119427B}.Debug|Any CPU.Build.0 = Debug|Any CPU
		{3431438E-3EBC-069F-7312-D1CF8119427B}.Release|Any CPU.ActiveCfg = Release|Any CPU
		{3431438E-3EBC-069F-7312-D1CF8119427B}.Release|Any CPU.Build.0 = Release|Any CPU
		{53A8A474-0DF3-162E-A453-11E99ED3C5C7}.Debug|Any CPU.ActiveCfg = Debug|Any CPU
		{53A8A474-0DF3-162E-A453-11E99ED3C5C7}.Debug|Any CPU.Build.0 = Debug|Any CPU
		{53A8A474-0DF3-162E-A453-11E99ED3C5C7}.Release|Any CPU.ActiveCfg = Release|Any CPU
		{53A8A474-0DF3-162E-A453-11E99ED3C5C7}.Release|Any CPU.Build.0 = Release|Any CPU
		{F221CF61-FC40-9551-2671-34A38DDA1A1D}.Debug|Any CPU.ActiveCfg = Debug|Any CPU
		{F221CF61-FC40-9551-2671-34A38DDA1A1D}.Debug|Any CPU.Build.0 = Debug|Any CPU
		{F221CF61-FC40-9551-2671-34A38DDA1A1D}.Release|Any CPU.ActiveCfg = Release|Any CPU
		{F221CF61-FC40-9551-2671-34A38DDA1A1D}.Release|Any CPU.Build.0 = Release|Any CPU
		{D0517C4A-5C88-1D84-6AEF-AA1CECD0B965}.Debug|Any CPU.ActiveCfg = Debug|Any CPU
		{D0517C4A-5C88-1D84-6AEF-AA1CECD0B965}.Debug|Any CPU.Build.0 = Debug|Any CPU
		{D0517C4A-5C88-1D84-6AEF-AA1CECD0B965}.Release|Any CPU.ActiveCfg = Release|Any CPU
		{D0517C4A-5C88-1D84-6AEF-AA1CECD0B965}.Release|Any CPU.Build.0 = Release|Any CPU
		{ACE7DB8C-5E09-4114-E9BE-9AB3F3402CF8}.Debug|Any CPU.ActiveCfg = Debug|Any CPU
		{ACE7DB8C-5E09-4114-E9BE-9AB3F3402CF8}.Debug|Any CPU.Build.0 = Debug|Any CPU
		{ACE7DB8C-5E09-4114-E9BE-9AB3F3402CF8}.Release|Any CPU.ActiveCfg = Release|Any CPU
		{ACE7DB8C-5E09-4114-E9BE-9AB3F3402CF8}.Release|Any CPU.Build.0 = Release|Any CPU
		{24F683D7-3990-D064-AF58-BDA579852390}.Debug|Any CPU.ActiveCfg = Debug|Any CPU
		{24F683D7-3990-D064-AF58-BDA579852390}.Debug|Any CPU.Build.0 = Debug|Any CPU
		{24F683D7-3990-D064-AF58-BDA579852390}.Release|Any CPU.ActiveCfg = Release|Any CPU
		{24F683D7-3990-D064-AF58-BDA579852390}.Release|Any CPU.Build.0 = Release|Any CPU
		{EB0B17C6-65F4-A876-BCEC-0CA66E623605}.Debug|Any CPU.ActiveCfg = Debug|Any CPU
		{EB0B17C6-65F4-A876-BCEC-0CA66E623605}.Debug|Any CPU.Build.0 = Debug|Any CPU
		{EB0B17C6-65F4-A876-BCEC-0CA66E623605}.Release|Any CPU.ActiveCfg = Release|Any CPU
		{EB0B17C6-65F4-A876-BCEC-0CA66E623605}.Release|Any CPU.Build.0 = Release|Any CPU
		{83DB11B9-38C1-FE9E-D400-FF0F8F9B3CCB}.Debug|Any CPU.ActiveCfg = Debug|Any CPU
		{83DB11B9-38C1-FE9E-D400-FF0F8F9B3CCB}.Debug|Any CPU.Build.0 = Debug|Any CPU
		{83DB11B9-38C1-FE9E-D400-FF0F8F9B3CCB}.Release|Any CPU.ActiveCfg = Release|Any CPU
		{83DB11B9-38C1-FE9E-D400-FF0F8F9B3CCB}.Release|Any CPU.Build.0 = Release|Any CPU
		{6A2F10FE-0898-9C1C-9897-D62F3A6958CF}.Debug|Any CPU.ActiveCfg = Debug|Any CPU
		{6A2F10FE-0898-9C1C-9897-D62F3A6958CF}.Debug|Any CPU.Build.0 = Debug|Any CPU
		{6A2F10FE-0898-9C1C-9897-D62F3A6958CF}.Release|Any CPU.ActiveCfg = Release|Any CPU
		{6A2F10FE-0898-9C1C-9897-D62F3A6958CF}.Release|Any CPU.Build.0 = Release|Any CPU
		{07A591CD-D254-31E3-4056-0B9830722BB2}.Debug|Any CPU.ActiveCfg = Debug|Any CPU
		{07A591CD-D254-31E3-4056-0B9830722BB2}.Debug|Any CPU.Build.0 = Debug|Any CPU
		{07A591CD-D254-31E3-4056-0B9830722BB2}.Release|Any CPU.ActiveCfg = Release|Any CPU
		{07A591CD-D254-31E3-4056-0B9830722BB2}.Release|Any CPU.Build.0 = Release|Any CPU
		{E8A91009-7186-A382-4FE4-3C21BA335F00}.Debug|Any CPU.ActiveCfg = Debug|Any CPU
		{E8A91009-7186-A382-4FE4-3C21BA335F00}.Debug|Any CPU.Build.0 = Debug|Any CPU
		{E8A91009-7186-A382-4FE4-3C21BA335F00}.Release|Any CPU.ActiveCfg = Release|Any CPU
		{E8A91009-7186-A382-4FE4-3C21BA335F00}.Release|Any CPU.Build.0 = Release|Any CPU
		{BF614F65-306F-9F09-76CC-7E4A7E45DCFD}.Debug|Any CPU.ActiveCfg = Debug|Any CPU
		{BF614F65-306F-9F09-76CC-7E4A7E45DCFD}.Debug|Any CPU.Build.0 = Debug|Any CPU
		{BF614F65-306F-9F09-76CC-7E4A7E45DCFD}.Release|Any CPU.ActiveCfg = Release|Any CPU
		{BF614F65-306F-9F09-76CC-7E4A7E45DCFD}.Release|Any CPU.Build.0 = Release|Any CPU
		{32C3BDE6-E125-3128-82C1-25D0441455A3}.Debug|Any CPU.ActiveCfg = Debug|Any CPU
		{32C3BDE6-E125-3128-82C1-25D0441455A3}.Debug|Any CPU.Build.0 = Debug|Any CPU
		{32C3BDE6-E125-3128-82C1-25D0441455A3}.Release|Any CPU.ActiveCfg = Release|Any CPU
		{32C3BDE6-E125-3128-82C1-25D0441455A3}.Release|Any CPU.Build.0 = Release|Any CPU
		{7F3A969F-4A57-9C7B-8B24-5476C852868F}.Debug|Any CPU.ActiveCfg = Debug|Any CPU
		{7F3A969F-4A57-9C7B-8B24-5476C852868F}.Debug|Any CPU.Build.0 = Debug|Any CPU
		{7F3A969F-4A57-9C7B-8B24-5476C852868F}.Release|Any CPU.ActiveCfg = Release|Any CPU
		{7F3A969F-4A57-9C7B-8B24-5476C852868F}.Release|Any CPU.Build.0 = Release|Any CPU
		{1FE68AC1-20A6-7EB8-2D7F-431725C14E98}.Debug|Any CPU.ActiveCfg = Debug|Any CPU
		{1FE68AC1-20A6-7EB8-2D7F-431725C14E98}.Debug|Any CPU.Build.0 = Debug|Any CPU
		{1FE68AC1-20A6-7EB8-2D7F-431725C14E98}.Release|Any CPU.ActiveCfg = Release|Any CPU
		{1FE68AC1-20A6-7EB8-2D7F-431725C14E98}.Release|Any CPU.Build.0 = Release|Any CPU
		{6144E275-0E97-20C4-DE25-EF9FF7136946}.Debug|Any CPU.ActiveCfg = Debug|Any CPU
		{6144E275-0E97-20C4-DE25-EF9FF7136946}.Debug|Any CPU.Build.0 = Debug|Any CPU
		{6144E275-0E97-20C4-DE25-EF9FF7136946}.Release|Any CPU.ActiveCfg = Release|Any CPU
		{6144E275-0E97-20C4-DE25-EF9FF7136946}.Release|Any CPU.Build.0 = Release|Any CPU
		{DD2E6188-F915-6D70-2730-38617395B115}.Debug|Any CPU.ActiveCfg = Debug|Any CPU
		{DD2E6188-F915-6D70-2730-38617395B115}.Debug|Any CPU.Build.0 = Debug|Any CPU
		{DD2E6188-F915-6D70-2730-38617395B115}.Release|Any CPU.ActiveCfg = Release|Any CPU
		{DD2E6188-F915-6D70-2730-38617395B115}.Release|Any CPU.Build.0 = Release|Any CPU
		{6F380670-3309-1E57-A6E0-9E862ADDB752}.Debug|Any CPU.ActiveCfg = Debug|Any CPU
		{6F380670-3309-1E57-A6E0-9E862ADDB752}.Debug|Any CPU.Build.0 = Debug|Any CPU
		{6F380670-3309-1E57-A6E0-9E862ADDB752}.Release|Any CPU.ActiveCfg = Release|Any CPU
		{6F380670-3309-1E57-A6E0-9E862ADDB752}.Release|Any CPU.Build.0 = Release|Any CPU
	EndGlobalSection
	GlobalSection(SolutionProperties) = preSolution
		HideSolutionNode = FALSE
	EndGlobalSection
EndGlobal
